{
  "version": 4,
  "terraform_version": "0.12.19",
  "serial": 90,
  "lineage": "35481873-4534-259f-445d-632655e2c2ab",
  "outputs": {},
  "resources": [
    {
      "module": "module.dummy-cloudbuild",
      "mode": "managed",
      "type": "google_cloudbuild_trigger",
      "name": "cloudbuild-branch-trigger",
      "provider": "provider.google",
      "instances": [
        {
          "schema_version": 1,
          "attributes": {
            "build": [],
            "create_time": "2020-01-27T06:50:16.163208433Z",
            "description": "Dummy-PDF-or-PNG: Push to Master",
            "disabled": false,
            "filename": ".cloudbuild/dummy.yaml",
            "id": "projects/ansiterra/triggers/1abd1752-dd47-4a04-9005-ad55604cdfaf",
            "ignored_files": [],
            "included_files": [],
            "name": "backend-branch-trigger",
            "project": "ansiterra",
            "substitutions": {},
            "timeouts": null,
            "trigger_id": "1abd1752-dd47-4a04-9005-ad55604cdfaf",
            "trigger_template": [
              {
                "branch_name": "master",
                "commit_sha": "",
                "dir": "",
                "project_id": "ansiterra",
                "repo_name": "github_emmanuelstroem_documentreader",
                "tag_name": ""
              }
            ]
          },
          "private": "eyJlMmJmYjczMC1lY2FhLTExZTYtOGY4OC0zNDM2M2JjN2M0YzAiOnsiY3JlYXRlIjoyNDAwMDAwMDAwMDAsImRlbGV0ZSI6MjQwMDAwMDAwMDAwLCJ1cGRhdGUiOjI0MDAwMDAwMDAwMH0sInNjaGVtYV92ZXJzaW9uIjoiMSJ9"
        }
      ]
    },
    {
      "module": "module.git-lfs-cloudbuild",
      "mode": "managed",
      "type": "google_cloudbuild_trigger",
      "name": "cloudbuild-branch-trigger",
      "provider": "provider.google",
      "instances": [
        {
          "schema_version": 1,
          "attributes": {
            "build": [],
            "create_time": "2020-01-27T06:44:41.525439713Z",
            "description": "Git-LFS: Push to Master",
            "disabled": false,
            "filename": ".cloudbuild/git-lfs.yaml",
            "id": "projects/ansiterra/triggers/32a4b7b3-7cfd-423c-921a-b94c853c5d1a",
            "ignored_files": [],
            "included_files": [],
            "name": "git-lfs-trigger",
            "project": "ansiterra",
            "substitutions": {},
            "timeouts": null,
            "trigger_id": "32a4b7b3-7cfd-423c-921a-b94c853c5d1a",
            "trigger_template": [
              {
                "branch_name": "master",
                "commit_sha": "",
                "dir": "",
                "project_id": "ansiterra",
                "repo_name": "github_emmanuelstroem_documentreader",
                "tag_name": ""
              }
            ]
          },
          "private": "eyJlMmJmYjczMC1lY2FhLTExZTYtOGY4OC0zNDM2M2JjN2M0YzAiOnsiY3JlYXRlIjoyNDAwMDAwMDAwMDAsImRlbGV0ZSI6MjQwMDAwMDAwMDAwLCJ1cGRhdGUiOjI0MDAwMDAwMDAwMH0sInNjaGVtYV92ZXJzaW9uIjoiMSJ9"
        }
      ]
    },
    {
      "module": "module.documentreader-cloudbuild",
      "mode": "managed",
      "type": "google_cloudbuild_trigger",
      "name": "cloudbuild-branch-trigger",
      "provider": "provider.google",
      "instances": [
        {
          "schema_version": 1,
          "attributes": {
            "build": [],
            "create_time": "2020-01-27T06:00:45.392897243Z",
            "description": "Reader App: Push to Master",
            "disabled": false,
            "filename": ".cloudbuild/documentreader.yaml",
            "id": "projects/ansiterra/triggers/34060002-3e4d-4b7e-87bb-438ccac6a9d4",
            "ignored_files": [],
            "included_files": [],
            "name": "frontend-branch-trigger",
            "project": "ansiterra",
            "substitutions": {},
            "timeouts": null,
            "trigger_id": "34060002-3e4d-4b7e-87bb-438ccac6a9d4",
            "trigger_template": [
              {
                "branch_name": "master",
                "commit_sha": "",
                "dir": "",
                "project_id": "ansiterra",
                "repo_name": "github_emmanuelstroem_documentreader",
                "tag_name": ""
              }
            ]
          },
          "private": "eyJlMmJmYjczMC1lY2FhLTExZTYtOGY4OC0zNDM2M2JjN2M0YzAiOnsiY3JlYXRlIjoyNDAwMDAwMDAwMDAsImRlbGV0ZSI6MjQwMDAwMDAwMDAwLCJ1cGRhdGUiOjI0MDAwMDAwMDAwMH0sInNjaGVtYV92ZXJzaW9uIjoiMSJ9"
        }
      ]
    },
    {
      "module": "module.prometheus-ip",
      "mode": "managed",
      "type": "google_compute_global_address",
      "name": "global_ip",
      "provider": "provider.google",
      "instances": [
        {
          "schema_version": 0,
          "attributes": {
            "address": "35.190.114.185",
            "address_type": "EXTERNAL",
            "creation_timestamp": "2020-01-26T08:48:05.985-08:00",
            "description": "",
            "id": "projects/ansiterra/global/addresses/prometheus-ingress",
            "ip_version": "",
            "name": "prometheus-ingress",
            "network": "",
            "prefix_length": 0,
            "project": "ansiterra",
            "purpose": "",
            "self_link": "https://www.googleapis.com/compute/v1/projects/ansiterra/global/addresses/prometheus-ingress",
            "timeouts": null
          },
          "private": "eyJlMmJmYjczMC1lY2FhLTExZTYtOGY4OC0zNDM2M2JjN2M0YzAiOnsiY3JlYXRlIjoyNDAwMDAwMDAwMDAsImRlbGV0ZSI6MjQwMDAwMDAwMDAwfX0="
        }
      ]
    },
    {
      "module": "module.documentreader-ip",
      "mode": "managed",
      "type": "google_compute_global_address",
      "name": "global_ip",
      "provider": "provider.google",
      "instances": [
        {
          "schema_version": 0,
          "attributes": {
            "address": "35.186.245.182",
            "address_type": "EXTERNAL",
            "creation_timestamp": "2020-01-26T22:56:44.222-08:00",
            "description": "",
            "id": "projects/ansiterra/global/addresses/reader-ingress",
            "ip_version": "",
            "name": "reader-ingress",
            "network": "",
            "prefix_length": 0,
            "project": "ansiterra",
            "purpose": "",
            "self_link": "https://www.googleapis.com/compute/v1/projects/ansiterra/global/addresses/reader-ingress",
            "timeouts": null
          },
          "private": "eyJlMmJmYjczMC1lY2FhLTExZTYtOGY4OC0zNDM2M2JjN2M0YzAiOnsiY3JlYXRlIjoyNDAwMDAwMDAwMDAsImRlbGV0ZSI6MjQwMDAwMDAwMDAwfX0="
        }
      ]
    },
    {
      "module": "module.spinnaker-ip",
      "mode": "managed",
      "type": "google_compute_global_address",
      "name": "global_ip",
      "provider": "provider.google",
      "instances": [
        {
          "schema_version": 0,
          "attributes": {
            "address": "34.102.201.111",
            "address_type": "EXTERNAL",
            "creation_timestamp": "2020-01-26T02:47:24.854-08:00",
            "description": "",
            "id": "projects/ansiterra/global/addresses/spinnaker-ingress",
            "ip_version": "",
            "name": "spinnaker-ingress",
            "network": "",
            "prefix_length": 0,
            "project": "ansiterra",
            "purpose": "",
            "self_link": "https://www.googleapis.com/compute/v1/projects/ansiterra/global/addresses/spinnaker-ingress",
            "timeouts": null
          },
          "private": "eyJlMmJmYjczMC1lY2FhLTExZTYtOGY4OC0zNDM2M2JjN2M0YzAiOnsiY3JlYXRlIjoyNDAwMDAwMDAwMDAsImRlbGV0ZSI6MjQwMDAwMDAwMDAwfX0="
        }
      ]
    },
    {
      "module": "module.spinnaker-gate-ip",
      "mode": "managed",
      "type": "google_compute_global_address",
      "name": "global_ip",
      "provider": "provider.google",
      "instances": [
        {
          "schema_version": 0,
          "attributes": {
            "address": "35.241.9.138",
            "address_type": "EXTERNAL",
            "creation_timestamp": "2020-01-26T02:47:25.359-08:00",
            "description": "",
            "id": "projects/ansiterra/global/addresses/spinnaker-gate",
            "ip_version": "",
            "name": "spinnaker-gate",
            "network": "",
            "prefix_length": 0,
            "project": "ansiterra",
            "purpose": "",
            "self_link": "https://www.googleapis.com/compute/v1/projects/ansiterra/global/addresses/spinnaker-gate",
            "timeouts": null
          },
          "private": "eyJlMmJmYjczMC1lY2FhLTExZTYtOGY4OC0zNDM2M2JjN2M0YzAiOnsiY3JlYXRlIjoyNDAwMDAwMDAwMDAsImRlbGV0ZSI6MjQwMDAwMDAwMDAwfX0="
        }
      ]
    },
    {
      "module": "module.network.module.vpc",
      "mode": "managed",
      "type": "google_compute_network",
      "name": "vpc",
      "provider": "provider.google",
      "instances": [
        {
          "schema_version": 0,
          "attributes": {
            "auto_create_subnetworks": false,
            "delete_default_routes_on_create": false,
            "description": "",
            "gateway_ipv4": "",
            "id": "projects/ansiterra/global/networks/mainvpc",
            "ipv4_range": null,
            "name": "mainvpc",
            "project": "ansiterra",
            "routing_mode": "GLOBAL",
            "self_link": "https://www.googleapis.com/compute/v1/projects/ansiterra/global/networks/mainvpc",
            "timeouts": null
          },
          "private": "eyJlMmJmYjczMC1lY2FhLTExZTYtOGY4OC0zNDM2M2JjN2M0YzAiOnsiY3JlYXRlIjoyNDAwMDAwMDAwMDAsImRlbGV0ZSI6MjQwMDAwMDAwMDAwLCJ1cGRhdGUiOjI0MDAwMDAwMDAwMH19"
        }
      ]
    },
    {
      "module": "module.network.module.router",
      "mode": "managed",
      "type": "google_compute_router",
      "name": "cloud-routers",
      "each": "list",
      "provider": "provider.google",
      "instances": [
        {
          "index_key": 0,
          "schema_version": 0,
          "attributes": {
            "bgp": [
              {
                "advertise_mode": "DEFAULT",
                "advertised_groups": [],
                "advertised_ip_ranges": [],
                "asn": 64514
              }
            ],
            "creation_timestamp": "2020-01-26T01:34:43.154-08:00",
            "description": "",
            "id": "projects/ansiterra/regions/europe-west3/routers/europe-west3-router",
            "name": "europe-west3-router",
            "network": "https://www.googleapis.com/compute/v1/projects/ansiterra/global/networks/mainvpc",
            "project": "ansiterra",
            "region": "europe-west3",
            "self_link": "https://www.googleapis.com/compute/v1/projects/ansiterra/regions/europe-west3/routers/europe-west3-router",
            "timeouts": null
          },
          "private": "eyJlMmJmYjczMC1lY2FhLTExZTYtOGY4OC0zNDM2M2JjN2M0YzAiOnsiY3JlYXRlIjoyNDAwMDAwMDAwMDAsImRlbGV0ZSI6MjQwMDAwMDAwMDAwLCJ1cGRhdGUiOjI0MDAwMDAwMDAwMH19",
          "dependencies": [
            "module.network.module.vpc.google_compute_network.vpc"
          ]
        }
      ]
    },
    {
      "module": "module.network.module.router",
      "mode": "managed",
      "type": "google_compute_router_nat",
      "name": "cloud-nat",
      "each": "list",
      "provider": "provider.google",
      "instances": [
        {
          "index_key": 0,
          "schema_version": 0,
          "attributes": {
            "icmp_idle_timeout_sec": 30,
            "id": "ansiterra/europe-west3/europe-west3-router/europe-west3-nat",
            "log_config": [
              {
                "enable": true,
                "filter": "ERRORS_ONLY"
              }
            ],
            "min_ports_per_vm": 0,
            "name": "europe-west3-nat",
            "nat_ip_allocate_option": "AUTO_ONLY",
            "nat_ips": [],
            "project": "ansiterra",
            "region": "europe-west3",
            "router": "europe-west3-router",
            "source_subnetwork_ip_ranges_to_nat": "ALL_SUBNETWORKS_ALL_IP_RANGES",
            "subnetwork": [],
            "tcp_established_idle_timeout_sec": 1200,
            "tcp_transitory_idle_timeout_sec": 30,
            "timeouts": null,
            "udp_idle_timeout_sec": 30
          },
          "private": "eyJlMmJmYjczMC1lY2FhLTExZTYtOGY4OC0zNDM2M2JjN2M0YzAiOnsiY3JlYXRlIjo2MDAwMDAwMDAwMDAsImRlbGV0ZSI6NjAwMDAwMDAwMDAwLCJ1cGRhdGUiOjYwMDAwMDAwMDAwMH19",
          "dependencies": [
            "module.network.module.router.google_compute_router.cloud-routers",
            "module.network.module.vpc.google_compute_network.vpc"
          ]
        }
      ]
    },
    {
      "module": "module.network.module.subnetworks",
      "mode": "managed",
      "type": "google_compute_subnetwork",
      "name": "subnetworks",
      "each": "list",
      "provider": "provider.google",
      "instances": [
        {
          "index_key": 0,
          "schema_version": 0,
          "attributes": {
            "creation_timestamp": "2020-01-26T01:34:59.754-08:00",
            "description": "",
            "enable_flow_logs": null,
            "fingerprint": null,
            "gateway_address": "10.0.0.1",
            "id": "projects/ansiterra/regions/asia-east1/subnetworks/asia-east1-subnetwork",
            "ip_cidr_range": "10.0.0.0/24",
            "log_config": [],
            "name": "asia-east1-subnetwork",
            "network": "https://www.googleapis.com/compute/v1/projects/ansiterra/global/networks/mainvpc",
            "private_ip_google_access": false,
            "project": "ansiterra",
            "region": "asia-east1",
            "secondary_ip_range": [],
            "self_link": "https://www.googleapis.com/compute/v1/projects/ansiterra/regions/asia-east1/subnetworks/asia-east1-subnetwork",
            "timeouts": null
          },
          "private": "eyJlMmJmYjczMC1lY2FhLTExZTYtOGY4OC0zNDM2M2JjN2M0YzAiOnsiY3JlYXRlIjozNjAwMDAwMDAwMDAsImRlbGV0ZSI6MzYwMDAwMDAwMDAwLCJ1cGRhdGUiOjM2MDAwMDAwMDAwMH19",
          "dependencies": [
            "module.network.module.vpc.google_compute_network.vpc"
          ]
        },
        {
          "index_key": 1,
          "schema_version": 0,
          "attributes": {
            "creation_timestamp": "2020-01-26T01:34:59.942-08:00",
            "description": "",
            "enable_flow_logs": null,
            "fingerprint": null,
            "gateway_address": "10.0.1.1",
            "id": "projects/ansiterra/regions/asia-east2/subnetworks/asia-east2-subnetwork",
            "ip_cidr_range": "10.0.1.0/24",
            "log_config": [],
            "name": "asia-east2-subnetwork",
            "network": "https://www.googleapis.com/compute/v1/projects/ansiterra/global/networks/mainvpc",
            "private_ip_google_access": false,
            "project": "ansiterra",
            "region": "asia-east2",
            "secondary_ip_range": [],
            "self_link": "https://www.googleapis.com/compute/v1/projects/ansiterra/regions/asia-east2/subnetworks/asia-east2-subnetwork",
            "timeouts": null
          },
          "private": "eyJlMmJmYjczMC1lY2FhLTExZTYtOGY4OC0zNDM2M2JjN2M0YzAiOnsiY3JlYXRlIjozNjAwMDAwMDAwMDAsImRlbGV0ZSI6MzYwMDAwMDAwMDAwLCJ1cGRhdGUiOjM2MDAwMDAwMDAwMH19",
          "dependencies": [
            "module.network.module.vpc.google_compute_network.vpc"
          ]
        },
        {
          "index_key": 2,
          "schema_version": 0,
          "attributes": {
            "creation_timestamp": "2020-01-26T01:34:43.090-08:00",
            "description": "",
            "enable_flow_logs": null,
            "fingerprint": null,
            "gateway_address": "10.0.2.1",
            "id": "projects/ansiterra/regions/asia-northeast1/subnetworks/asia-northeast1-subnetwork",
            "ip_cidr_range": "10.0.2.0/24",
            "log_config": [],
            "name": "asia-northeast1-subnetwork",
            "network": "https://www.googleapis.com/compute/v1/projects/ansiterra/global/networks/mainvpc",
            "private_ip_google_access": false,
            "project": "ansiterra",
            "region": "asia-northeast1",
            "secondary_ip_range": [],
            "self_link": "https://www.googleapis.com/compute/v1/projects/ansiterra/regions/asia-northeast1/subnetworks/asia-northeast1-subnetwork",
            "timeouts": null
          },
          "private": "eyJlMmJmYjczMC1lY2FhLTExZTYtOGY4OC0zNDM2M2JjN2M0YzAiOnsiY3JlYXRlIjozNjAwMDAwMDAwMDAsImRlbGV0ZSI6MzYwMDAwMDAwMDAwLCJ1cGRhdGUiOjM2MDAwMDAwMDAwMH19",
          "dependencies": [
            "module.network.module.vpc.google_compute_network.vpc"
          ]
        },
        {
          "index_key": 3,
          "schema_version": 0,
          "attributes": {
            "creation_timestamp": "2020-01-26T01:34:43.059-08:00",
            "description": "",
            "enable_flow_logs": null,
            "fingerprint": null,
            "gateway_address": "10.0.3.1",
            "id": "projects/ansiterra/regions/asia-northeast2/subnetworks/asia-northeast2-subnetwork",
            "ip_cidr_range": "10.0.3.0/24",
            "log_config": [],
            "name": "asia-northeast2-subnetwork",
            "network": "https://www.googleapis.com/compute/v1/projects/ansiterra/global/networks/mainvpc",
            "private_ip_google_access": false,
            "project": "ansiterra",
            "region": "asia-northeast2",
            "secondary_ip_range": [],
            "self_link": "https://www.googleapis.com/compute/v1/projects/ansiterra/regions/asia-northeast2/subnetworks/asia-northeast2-subnetwork",
            "timeouts": null
          },
          "private": "eyJlMmJmYjczMC1lY2FhLTExZTYtOGY4OC0zNDM2M2JjN2M0YzAiOnsiY3JlYXRlIjozNjAwMDAwMDAwMDAsImRlbGV0ZSI6MzYwMDAwMDAwMDAwLCJ1cGRhdGUiOjM2MDAwMDAwMDAwMH19",
          "dependencies": [
            "module.network.module.vpc.google_compute_network.vpc"
          ]
        },
        {
          "index_key": 4,
          "schema_version": 0,
          "attributes": {
            "creation_timestamp": "2020-01-26T01:35:09.076-08:00",
            "description": "",
            "enable_flow_logs": null,
            "fingerprint": null,
            "gateway_address": "10.0.4.1",
            "id": "projects/ansiterra/regions/asia-south1/subnetworks/asia-south1-subnetwork",
            "ip_cidr_range": "10.0.4.0/24",
            "log_config": [],
            "name": "asia-south1-subnetwork",
            "network": "https://www.googleapis.com/compute/v1/projects/ansiterra/global/networks/mainvpc",
            "private_ip_google_access": false,
            "project": "ansiterra",
            "region": "asia-south1",
            "secondary_ip_range": [],
            "self_link": "https://www.googleapis.com/compute/v1/projects/ansiterra/regions/asia-south1/subnetworks/asia-south1-subnetwork",
            "timeouts": null
          },
          "private": "eyJlMmJmYjczMC1lY2FhLTExZTYtOGY4OC0zNDM2M2JjN2M0YzAiOnsiY3JlYXRlIjozNjAwMDAwMDAwMDAsImRlbGV0ZSI6MzYwMDAwMDAwMDAwLCJ1cGRhdGUiOjM2MDAwMDAwMDAwMH19",
          "dependencies": [
            "module.network.module.vpc.google_compute_network.vpc"
          ]
        },
        {
          "index_key": 5,
          "schema_version": 0,
          "attributes": {
            "creation_timestamp": "2020-01-26T01:34:43.151-08:00",
            "description": "",
            "enable_flow_logs": null,
            "fingerprint": null,
            "gateway_address": "10.0.5.1",
            "id": "projects/ansiterra/regions/asia-southeast1/subnetworks/asia-southeast1-subnetwork",
            "ip_cidr_range": "10.0.5.0/24",
            "log_config": [],
            "name": "asia-southeast1-subnetwork",
            "network": "https://www.googleapis.com/compute/v1/projects/ansiterra/global/networks/mainvpc",
            "private_ip_google_access": false,
            "project": "ansiterra",
            "region": "asia-southeast1",
            "secondary_ip_range": [],
            "self_link": "https://www.googleapis.com/compute/v1/projects/ansiterra/regions/asia-southeast1/subnetworks/asia-southeast1-subnetwork",
            "timeouts": null
          },
          "private": "eyJlMmJmYjczMC1lY2FhLTExZTYtOGY4OC0zNDM2M2JjN2M0YzAiOnsiY3JlYXRlIjozNjAwMDAwMDAwMDAsImRlbGV0ZSI6MzYwMDAwMDAwMDAwLCJ1cGRhdGUiOjM2MDAwMDAwMDAwMH19",
          "dependencies": [
            "module.network.module.vpc.google_compute_network.vpc"
          ]
        },
        {
          "index_key": 6,
          "schema_version": 0,
          "attributes": {
            "creation_timestamp": "2020-01-26T01:34:43.232-08:00",
            "description": "",
            "enable_flow_logs": null,
            "fingerprint": null,
            "gateway_address": "10.0.6.1",
            "id": "projects/ansiterra/regions/australia-southeast1/subnetworks/australia-southeast1-subnetwork",
            "ip_cidr_range": "10.0.6.0/24",
            "log_config": [],
            "name": "australia-southeast1-subnetwork",
            "network": "https://www.googleapis.com/compute/v1/projects/ansiterra/global/networks/mainvpc",
            "private_ip_google_access": false,
            "project": "ansiterra",
            "region": "australia-southeast1",
            "secondary_ip_range": [],
            "self_link": "https://www.googleapis.com/compute/v1/projects/ansiterra/regions/australia-southeast1/subnetworks/australia-southeast1-subnetwork",
            "timeouts": null
          },
          "private": "eyJlMmJmYjczMC1lY2FhLTExZTYtOGY4OC0zNDM2M2JjN2M0YzAiOnsiY3JlYXRlIjozNjAwMDAwMDAwMDAsImRlbGV0ZSI6MzYwMDAwMDAwMDAwLCJ1cGRhdGUiOjM2MDAwMDAwMDAwMH19",
          "dependencies": [
            "module.network.module.vpc.google_compute_network.vpc"
          ]
        },
        {
          "index_key": 7,
          "schema_version": 0,
          "attributes": {
            "creation_timestamp": "2020-01-26T01:34:43.066-08:00",
            "description": "",
            "enable_flow_logs": null,
            "fingerprint": null,
            "gateway_address": "10.0.7.1",
            "id": "projects/ansiterra/regions/europe-north1/subnetworks/europe-north1-subnetwork",
            "ip_cidr_range": "10.0.7.0/24",
            "log_config": [],
            "name": "europe-north1-subnetwork",
            "network": "https://www.googleapis.com/compute/v1/projects/ansiterra/global/networks/mainvpc",
            "private_ip_google_access": false,
            "project": "ansiterra",
            "region": "europe-north1",
            "secondary_ip_range": [],
            "self_link": "https://www.googleapis.com/compute/v1/projects/ansiterra/regions/europe-north1/subnetworks/europe-north1-subnetwork",
            "timeouts": null
          },
          "private": "eyJlMmJmYjczMC1lY2FhLTExZTYtOGY4OC0zNDM2M2JjN2M0YzAiOnsiY3JlYXRlIjozNjAwMDAwMDAwMDAsImRlbGV0ZSI6MzYwMDAwMDAwMDAwLCJ1cGRhdGUiOjM2MDAwMDAwMDAwMH19",
          "dependencies": [
            "module.network.module.vpc.google_compute_network.vpc"
          ]
        },
        {
          "index_key": 8,
          "schema_version": 0,
          "attributes": {
            "creation_timestamp": "2020-01-26T01:35:01.308-08:00",
            "description": "",
            "enable_flow_logs": null,
            "fingerprint": null,
            "gateway_address": "10.0.8.1",
            "id": "projects/ansiterra/regions/europe-west1/subnetworks/europe-west1-subnetwork",
            "ip_cidr_range": "10.0.8.0/24",
            "log_config": [],
            "name": "europe-west1-subnetwork",
            "network": "https://www.googleapis.com/compute/v1/projects/ansiterra/global/networks/mainvpc",
            "private_ip_google_access": false,
            "project": "ansiterra",
            "region": "europe-west1",
            "secondary_ip_range": [],
            "self_link": "https://www.googleapis.com/compute/v1/projects/ansiterra/regions/europe-west1/subnetworks/europe-west1-subnetwork",
            "timeouts": null
          },
          "private": "eyJlMmJmYjczMC1lY2FhLTExZTYtOGY4OC0zNDM2M2JjN2M0YzAiOnsiY3JlYXRlIjozNjAwMDAwMDAwMDAsImRlbGV0ZSI6MzYwMDAwMDAwMDAwLCJ1cGRhdGUiOjM2MDAwMDAwMDAwMH19",
          "dependencies": [
            "module.network.module.vpc.google_compute_network.vpc"
          ]
        },
        {
          "index_key": 9,
          "schema_version": 0,
          "attributes": {
            "creation_timestamp": "2020-01-26T01:35:00.264-08:00",
            "description": "",
            "enable_flow_logs": null,
            "fingerprint": null,
            "gateway_address": "10.0.9.1",
            "id": "projects/ansiterra/regions/europe-west2/subnetworks/europe-west2-subnetwork",
            "ip_cidr_range": "10.0.9.0/24",
            "log_config": [],
            "name": "europe-west2-subnetwork",
            "network": "https://www.googleapis.com/compute/v1/projects/ansiterra/global/networks/mainvpc",
            "private_ip_google_access": false,
            "project": "ansiterra",
            "region": "europe-west2",
            "secondary_ip_range": [],
            "self_link": "https://www.googleapis.com/compute/v1/projects/ansiterra/regions/europe-west2/subnetworks/europe-west2-subnetwork",
            "timeouts": null
          },
          "private": "eyJlMmJmYjczMC1lY2FhLTExZTYtOGY4OC0zNDM2M2JjN2M0YzAiOnsiY3JlYXRlIjozNjAwMDAwMDAwMDAsImRlbGV0ZSI6MzYwMDAwMDAwMDAwLCJ1cGRhdGUiOjM2MDAwMDAwMDAwMH19",
          "dependencies": [
            "module.network.module.vpc.google_compute_network.vpc"
          ]
        },
        {
          "index_key": 10,
          "schema_version": 0,
          "attributes": {
            "creation_timestamp": "2020-01-26T01:34:59.682-08:00",
            "description": "",
            "enable_flow_logs": null,
            "fingerprint": null,
            "gateway_address": "10.0.10.1",
            "id": "projects/ansiterra/regions/europe-west3/subnetworks/europe-west3-subnetwork",
            "ip_cidr_range": "10.0.10.0/24",
            "log_config": [],
            "name": "europe-west3-subnetwork",
            "network": "https://www.googleapis.com/compute/v1/projects/ansiterra/global/networks/mainvpc",
            "private_ip_google_access": false,
            "project": "ansiterra",
            "region": "europe-west3",
            "secondary_ip_range": [],
            "self_link": "https://www.googleapis.com/compute/v1/projects/ansiterra/regions/europe-west3/subnetworks/europe-west3-subnetwork",
            "timeouts": null
          },
          "private": "eyJlMmJmYjczMC1lY2FhLTExZTYtOGY4OC0zNDM2M2JjN2M0YzAiOnsiY3JlYXRlIjozNjAwMDAwMDAwMDAsImRlbGV0ZSI6MzYwMDAwMDAwMDAwLCJ1cGRhdGUiOjM2MDAwMDAwMDAwMH19",
          "dependencies": [
            "module.network.module.vpc.google_compute_network.vpc"
          ]
        },
        {
          "index_key": 11,
          "schema_version": 0,
          "attributes": {
            "creation_timestamp": "2020-01-26T01:34:43.141-08:00",
            "description": "",
            "enable_flow_logs": null,
            "fingerprint": null,
            "gateway_address": "10.0.11.1",
            "id": "projects/ansiterra/regions/europe-west4/subnetworks/europe-west4-subnetwork",
            "ip_cidr_range": "10.0.11.0/24",
            "log_config": [],
            "name": "europe-west4-subnetwork",
            "network": "https://www.googleapis.com/compute/v1/projects/ansiterra/global/networks/mainvpc",
            "private_ip_google_access": false,
            "project": "ansiterra",
            "region": "europe-west4",
            "secondary_ip_range": [],
            "self_link": "https://www.googleapis.com/compute/v1/projects/ansiterra/regions/europe-west4/subnetworks/europe-west4-subnetwork",
            "timeouts": null
          },
          "private": "eyJlMmJmYjczMC1lY2FhLTExZTYtOGY4OC0zNDM2M2JjN2M0YzAiOnsiY3JlYXRlIjozNjAwMDAwMDAwMDAsImRlbGV0ZSI6MzYwMDAwMDAwMDAwLCJ1cGRhdGUiOjM2MDAwMDAwMDAwMH19",
          "dependencies": [
            "module.network.module.vpc.google_compute_network.vpc"
          ]
        },
        {
          "index_key": 12,
          "schema_version": 0,
          "attributes": {
            "creation_timestamp": "2020-01-26T01:34:59.777-08:00",
            "description": "",
            "enable_flow_logs": null,
            "fingerprint": null,
            "gateway_address": "10.0.12.1",
            "id": "projects/ansiterra/regions/europe-west6/subnetworks/europe-west6-subnetwork",
            "ip_cidr_range": "10.0.12.0/24",
            "log_config": [],
            "name": "europe-west6-subnetwork",
            "network": "https://www.googleapis.com/compute/v1/projects/ansiterra/global/networks/mainvpc",
            "private_ip_google_access": false,
            "project": "ansiterra",
            "region": "europe-west6",
            "secondary_ip_range": [],
            "self_link": "https://www.googleapis.com/compute/v1/projects/ansiterra/regions/europe-west6/subnetworks/europe-west6-subnetwork",
            "timeouts": null
          },
          "private": "eyJlMmJmYjczMC1lY2FhLTExZTYtOGY4OC0zNDM2M2JjN2M0YzAiOnsiY3JlYXRlIjozNjAwMDAwMDAwMDAsImRlbGV0ZSI6MzYwMDAwMDAwMDAwLCJ1cGRhdGUiOjM2MDAwMDAwMDAwMH19",
          "dependencies": [
            "module.network.module.vpc.google_compute_network.vpc"
          ]
        },
        {
          "index_key": 13,
          "schema_version": 0,
          "attributes": {
            "creation_timestamp": "2020-01-26T01:35:01.097-08:00",
            "description": "",
            "enable_flow_logs": null,
            "fingerprint": null,
            "gateway_address": "10.0.13.1",
            "id": "projects/ansiterra/regions/northamerica-northeast1/subnetworks/northamerica-northeast1-subnetwork",
            "ip_cidr_range": "10.0.13.0/24",
            "log_config": [],
            "name": "northamerica-northeast1-subnetwork",
            "network": "https://www.googleapis.com/compute/v1/projects/ansiterra/global/networks/mainvpc",
            "private_ip_google_access": false,
            "project": "ansiterra",
            "region": "northamerica-northeast1",
            "secondary_ip_range": [],
            "self_link": "https://www.googleapis.com/compute/v1/projects/ansiterra/regions/northamerica-northeast1/subnetworks/northamerica-northeast1-subnetwork",
            "timeouts": null
          },
          "private": "eyJlMmJmYjczMC1lY2FhLTExZTYtOGY4OC0zNDM2M2JjN2M0YzAiOnsiY3JlYXRlIjozNjAwMDAwMDAwMDAsImRlbGV0ZSI6MzYwMDAwMDAwMDAwLCJ1cGRhdGUiOjM2MDAwMDAwMDAwMH19",
          "dependencies": [
            "module.network.module.vpc.google_compute_network.vpc"
          ]
        },
        {
          "index_key": 14,
          "schema_version": 0,
          "attributes": {
            "creation_timestamp": "2020-01-26T01:35:01.343-08:00",
            "description": "",
            "enable_flow_logs": null,
            "fingerprint": null,
            "gateway_address": "10.0.14.1",
            "id": "projects/ansiterra/regions/southamerica-east1/subnetworks/southamerica-east1-subnetwork",
            "ip_cidr_range": "10.0.14.0/24",
            "log_config": [],
            "name": "southamerica-east1-subnetwork",
            "network": "https://www.googleapis.com/compute/v1/projects/ansiterra/global/networks/mainvpc",
            "private_ip_google_access": false,
            "project": "ansiterra",
            "region": "southamerica-east1",
            "secondary_ip_range": [],
            "self_link": "https://www.googleapis.com/compute/v1/projects/ansiterra/regions/southamerica-east1/subnetworks/southamerica-east1-subnetwork",
            "timeouts": null
          },
          "private": "eyJlMmJmYjczMC1lY2FhLTExZTYtOGY4OC0zNDM2M2JjN2M0YzAiOnsiY3JlYXRlIjozNjAwMDAwMDAwMDAsImRlbGV0ZSI6MzYwMDAwMDAwMDAwLCJ1cGRhdGUiOjM2MDAwMDAwMDAwMH19",
          "dependencies": [
            "module.network.module.vpc.google_compute_network.vpc"
          ]
        },
        {
          "index_key": 15,
          "schema_version": 0,
          "attributes": {
            "creation_timestamp": "2020-01-26T01:34:51.834-08:00",
            "description": "",
            "enable_flow_logs": null,
            "fingerprint": null,
            "gateway_address": "10.0.15.1",
            "id": "projects/ansiterra/regions/us-central1/subnetworks/us-central1-subnetwork",
            "ip_cidr_range": "10.0.15.0/24",
            "log_config": [],
            "name": "us-central1-subnetwork",
            "network": "https://www.googleapis.com/compute/v1/projects/ansiterra/global/networks/mainvpc",
            "private_ip_google_access": false,
            "project": "ansiterra",
            "region": "us-central1",
            "secondary_ip_range": [],
            "self_link": "https://www.googleapis.com/compute/v1/projects/ansiterra/regions/us-central1/subnetworks/us-central1-subnetwork",
            "timeouts": null
          },
          "private": "eyJlMmJmYjczMC1lY2FhLTExZTYtOGY4OC0zNDM2M2JjN2M0YzAiOnsiY3JlYXRlIjozNjAwMDAwMDAwMDAsImRlbGV0ZSI6MzYwMDAwMDAwMDAwLCJ1cGRhdGUiOjM2MDAwMDAwMDAwMH19",
          "dependencies": [
            "module.network.module.vpc.google_compute_network.vpc"
          ]
        },
        {
          "index_key": 16,
          "schema_version": 0,
          "attributes": {
            "creation_timestamp": "2020-01-26T01:34:43.067-08:00",
            "description": "",
            "enable_flow_logs": null,
            "fingerprint": null,
            "gateway_address": "10.0.16.1",
            "id": "projects/ansiterra/regions/us-east1/subnetworks/us-east1-subnetwork",
            "ip_cidr_range": "10.0.16.0/24",
            "log_config": [],
            "name": "us-east1-subnetwork",
            "network": "https://www.googleapis.com/compute/v1/projects/ansiterra/global/networks/mainvpc",
            "private_ip_google_access": false,
            "project": "ansiterra",
            "region": "us-east1",
            "secondary_ip_range": [],
            "self_link": "https://www.googleapis.com/compute/v1/projects/ansiterra/regions/us-east1/subnetworks/us-east1-subnetwork",
            "timeouts": null
          },
          "private": "eyJlMmJmYjczMC1lY2FhLTExZTYtOGY4OC0zNDM2M2JjN2M0YzAiOnsiY3JlYXRlIjozNjAwMDAwMDAwMDAsImRlbGV0ZSI6MzYwMDAwMDAwMDAwLCJ1cGRhdGUiOjM2MDAwMDAwMDAwMH19",
          "dependencies": [
            "module.network.module.vpc.google_compute_network.vpc"
          ]
        },
        {
          "index_key": 17,
          "schema_version": 0,
          "attributes": {
            "creation_timestamp": "2020-01-26T01:34:43.173-08:00",
            "description": "",
            "enable_flow_logs": null,
            "fingerprint": null,
            "gateway_address": "10.0.17.1",
            "id": "projects/ansiterra/regions/us-east4/subnetworks/us-east4-subnetwork",
            "ip_cidr_range": "10.0.17.0/24",
            "log_config": [],
            "name": "us-east4-subnetwork",
            "network": "https://www.googleapis.com/compute/v1/projects/ansiterra/global/networks/mainvpc",
            "private_ip_google_access": false,
            "project": "ansiterra",
            "region": "us-east4",
            "secondary_ip_range": [],
            "self_link": "https://www.googleapis.com/compute/v1/projects/ansiterra/regions/us-east4/subnetworks/us-east4-subnetwork",
            "timeouts": null
          },
          "private": "eyJlMmJmYjczMC1lY2FhLTExZTYtOGY4OC0zNDM2M2JjN2M0YzAiOnsiY3JlYXRlIjozNjAwMDAwMDAwMDAsImRlbGV0ZSI6MzYwMDAwMDAwMDAwLCJ1cGRhdGUiOjM2MDAwMDAwMDAwMH19",
          "dependencies": [
            "module.network.module.vpc.google_compute_network.vpc"
          ]
        },
        {
          "index_key": 18,
          "schema_version": 0,
          "attributes": {
            "creation_timestamp": "2020-01-26T01:34:43.148-08:00",
            "description": "",
            "enable_flow_logs": null,
            "fingerprint": null,
            "gateway_address": "10.0.18.1",
            "id": "projects/ansiterra/regions/us-west1/subnetworks/us-west1-subnetwork",
            "ip_cidr_range": "10.0.18.0/24",
            "log_config": [],
            "name": "us-west1-subnetwork",
            "network": "https://www.googleapis.com/compute/v1/projects/ansiterra/global/networks/mainvpc",
            "private_ip_google_access": false,
            "project": "ansiterra",
            "region": "us-west1",
            "secondary_ip_range": [],
            "self_link": "https://www.googleapis.com/compute/v1/projects/ansiterra/regions/us-west1/subnetworks/us-west1-subnetwork",
            "timeouts": null
          },
          "private": "eyJlMmJmYjczMC1lY2FhLTExZTYtOGY4OC0zNDM2M2JjN2M0YzAiOnsiY3JlYXRlIjozNjAwMDAwMDAwMDAsImRlbGV0ZSI6MzYwMDAwMDAwMDAwLCJ1cGRhdGUiOjM2MDAwMDAwMDAwMH19",
          "dependencies": [
            "module.network.module.vpc.google_compute_network.vpc"
          ]
        },
        {
          "index_key": 19,
          "schema_version": 0,
          "attributes": {
            "creation_timestamp": "2020-01-26T01:35:01.393-08:00",
            "description": "",
            "enable_flow_logs": null,
            "fingerprint": null,
            "gateway_address": "10.0.19.1",
            "id": "projects/ansiterra/regions/us-west2/subnetworks/us-west2-subnetwork",
            "ip_cidr_range": "10.0.19.0/24",
            "log_config": [],
            "name": "us-west2-subnetwork",
            "network": "https://www.googleapis.com/compute/v1/projects/ansiterra/global/networks/mainvpc",
            "private_ip_google_access": false,
            "project": "ansiterra",
            "region": "us-west2",
            "secondary_ip_range": [],
            "self_link": "https://www.googleapis.com/compute/v1/projects/ansiterra/regions/us-west2/subnetworks/us-west2-subnetwork",
            "timeouts": null
          },
          "private": "eyJlMmJmYjczMC1lY2FhLTExZTYtOGY4OC0zNDM2M2JjN2M0YzAiOnsiY3JlYXRlIjozNjAwMDAwMDAwMDAsImRlbGV0ZSI6MzYwMDAwMDAwMDAwLCJ1cGRhdGUiOjM2MDAwMDAwMDAwMH19",
          "dependencies": [
            "module.network.module.vpc.google_compute_network.vpc"
          ]
        }
      ]
    },
    {
      "module": "module.gke-documentreader",
      "mode": "managed",
      "type": "google_container_cluster",
      "name": "gke",
      "provider": "provider.google",
      "instances": [
        {
          "schema_version": 1,
          "attributes": {
            "additional_zones": [],
            "addons_config": [
              {
                "horizontal_pod_autoscaling": [],
                "http_load_balancing": [],
                "kubernetes_dashboard": [],
                "network_policy_config": [
                  {
                    "disabled": true
                  }
                ]
              }
            ],
            "authenticator_groups_config": [],
            "cluster_autoscaling": [
              {
                "auto_provisioning_defaults": [],
                "enabled": false,
                "resource_limits": []
              }
            ],
            "cluster_ipv4_cidr": "10.44.0.0/14",
            "default_max_pods_per_node": 110,
            "description": "",
            "enable_binary_authorization": null,
            "enable_intranode_visibility": null,
            "enable_kubernetes_alpha": false,
            "enable_legacy_abac": false,
            "enable_tpu": null,
            "endpoint": "34.89.211.238",
            "id": "projects/ansiterra/locations/europe-west3-a/clusters/documentreader-cluster",
            "initial_node_count": 2,
            "instance_group_urls": [
              "https://www.googleapis.com/compute/v1/projects/ansiterra/zones/europe-west3-a/instanceGroups/gke-documentreader-clust-default-pool-8823de79-grp"
            ],
            "ip_allocation_policy": [],
            "location": "europe-west3-a",
            "logging_service": "logging.googleapis.com/kubernetes",
            "maintenance_policy": [],
            "master_auth": [
              {
                "client_certificate": "",
                "client_certificate_config": [
                  {
                    "issue_client_certificate": false
                  }
                ],
                "client_key": "",
                "cluster_ca_certificate": "LS0tLS1CRUdJTiBDRVJUSUZJQ0FURS0tLS0tCk1JSURDekNDQWZPZ0F3SUJBZ0lRWnNSSmZRQ0lQY2ZRK2hIRjBEa3JIREFOQmdrcWhraUc5dzBCQVFzRkFEQXYKTVMwd0t3WURWUVFERXlSaU1qWTBNakU1TnkxaVpqUmhMVFJsT1dRdE9UTmlPQzB4WmpBelpUQXpZelV3T1RrdwpIaGNOTWpBd01USTNNRGMxTlRBNFdoY05NalV3TVRJMU1EZzFOVEE0V2pBdk1TMHdLd1lEVlFRREV5UmlNalkwCk1qRTVOeTFpWmpSaExUUmxPV1F0T1ROaU9DMHhaakF6WlRBell6VXdPVGt3Z2dFaU1BMEdDU3FHU0liM0RRRUIKQVFVQUE0SUJEd0F3Z2dFS0FvSUJBUUNtVXNobTRMZzNneVhjMUZmOU4wdzBxeUJ1Rzh1d1VlZndmeU1zeHBiQgpPY29YZmdDMitIRnE0UkhIYXJ1ZmhRc0NuQlpXOXdNOGVYZ09GVnREYjY1VDdOMndqYVRQL2NtMGpmeUpVQW92ClczbThXYnI4ak5lcklkbUptcGtycjNOeUZMV1Noa2I1czQ0SzVObWVSY3FsMGVyVmIvcGNwOXVqa0ZuUzdEQncKUlY1U3VzOWkrL3B4TDJ4MW9IT1QycWJBZWI0RFlVWWtKM290azUrUVZRRFUxMzZkbmFyYmdGTEZyeS9GRnFSdApmL1lheFVaSWpSdU5JNm9TNjVOWk1sb01qU05maEVjOGtad2ZzOFU4bHF3TGRnWERtVm5JMnFkdnl6b3VIaklRCjVURUpKZWczZTRFMjR1ekRzY2tFTjNBSlJWNGdMY1UyZ1cxWHk5cjFnOG1KQWdNQkFBR2pJekFoTUE0R0ExVWQKRHdFQi93UUVBd0lDQkRBUEJnTlZIUk1CQWY4RUJUQURBUUgvTUEwR0NTcUdTSWIzRFFFQkN3VUFBNElCQVFBQgpEcDhTNGk2YTA4K1lKbjh1K2hEZzFsMVlsYitJMHpSU1BiUmpNV0dzNmNoVHhmZDExcDZ0blNyUWZhdk9HUjdjClJaQTlTcFBxeENEOFV1cmZ6MkIwaEJNVUZxMnhhVGRLRG41b1p2V2YwYVE0VHBUalJTNEZZdGtkQWxEeEtKcysKa2loNEZHOFBZUXBycmd6d0huUnA0U1FxZ2xXdHZINytOUnZ2Z2srcVpYL0c4UTZJcWFrN01OUkJWTEFaWFpFKwpsUUpxVXg4VzJYZWRGTTV5TURsWmk0QXA1SzJmdEd6OTFHYi9WcUFNWCt0MVQ2b1BVQzRvNU1qSHdkK0ZyMzd3CkNnUStvdDhjdE0xRnZVdFFpU3pKakdDSUw2ZjJxZE9sL1dkWndCTE8rVWF2QVcxWGtyZ2NXK1JaN1RwVXhJaFoKTmFkNGFISVlndnB3NmlWalh1NzgKLS0tLS1FTkQgQ0VSVElGSUNBVEUtLS0tLQo=",
                "password": "",
                "username": ""
              }
            ],
            "master_authorized_networks_config": [],
            "master_version": "1.14.10-gke.17",
            "min_master_version": "1.14.10-gke.17",
            "monitoring_service": "monitoring.googleapis.com/kubernetes",
            "name": "documentreader-cluster",
            "network": "projects/ansiterra/global/networks/mainvpc",
            "network_policy": [
              {
                "enabled": false,
                "provider": "PROVIDER_UNSPECIFIED"
              }
            ],
            "node_config": [
              {
                "disk_size_gb": 100,
                "disk_type": "pd-standard",
                "guest_accelerator": [],
                "image_type": "COS",
                "labels": {
                  "app1": "documentreader",
                  "app2": "dummy-pdf-png"
                },
                "local_ssd_count": 0,
                "machine_type": "n1-standard-1",
                "metadata": {
                  "disable-legacy-endpoints": "true"
                },
                "min_cpu_platform": "",
                "oauth_scopes": [
                  "https://www.googleapis.com/auth/devstorage.read_only",
                  "https://www.googleapis.com/auth/logging.write",
                  "https://www.googleapis.com/auth/monitoring"
                ],
                "preemptible": false,
                "sandbox_config": [],
                "service_account": "default",
                "shielded_instance_config": [
                  {
                    "enable_integrity_monitoring": true,
                    "enable_secure_boot": false
                  }
                ],
                "tags": [
                  "docummentreader",
                  "dummy-pdf-png",
                  "golang",
                  "python"
                ],
                "taint": [],
                "workload_metadata_config": []
              }
            ],
            "node_locations": [],
            "node_pool": [
              {
                "autoscaling": [],
                "initial_node_count": 2,
                "instance_group_urls": [
                  "https://www.googleapis.com/compute/v1/projects/ansiterra/zones/europe-west3-a/instanceGroupManagers/gke-documentreader-clust-default-pool-8823de79-grp"
                ],
                "management": [
                  {
                    "auto_repair": false,
                    "auto_upgrade": true
                  }
                ],
                "max_pods_per_node": 0,
                "name": "default-pool",
                "name_prefix": "",
                "node_config": [
                  {
                    "disk_size_gb": 100,
                    "disk_type": "pd-standard",
                    "guest_accelerator": [],
                    "image_type": "COS",
                    "labels": {
                      "app1": "documentreader",
                      "app2": "dummy-pdf-png"
                    },
                    "local_ssd_count": 0,
                    "machine_type": "n1-standard-1",
                    "metadata": {
                      "disable-legacy-endpoints": "true"
                    },
                    "min_cpu_platform": "",
                    "oauth_scopes": [
                      "https://www.googleapis.com/auth/devstorage.read_only",
                      "https://www.googleapis.com/auth/logging.write",
                      "https://www.googleapis.com/auth/monitoring"
                    ],
                    "preemptible": false,
                    "sandbox_config": [],
                    "service_account": "default",
                    "shielded_instance_config": [
                      {
                        "enable_integrity_monitoring": true,
                        "enable_secure_boot": false
                      }
                    ],
                    "tags": [
                      "docummentreader",
                      "dummy-pdf-png",
                      "golang",
                      "python"
                    ],
                    "taint": [],
                    "workload_metadata_config": []
                  }
                ],
                "node_count": 2,
                "version": "1.14.10-gke.17"
              }
            ],
            "node_version": "1.14.10-gke.17",
            "operation": null,
            "pod_security_policy_config": null,
            "private_cluster_config": [],
            "project": "ansiterra",
            "region": null,
            "remove_default_node_pool": null,
            "resource_labels": null,
            "services_ipv4_cidr": "10.47.240.0/20",
            "subnetwork": "projects/ansiterra/regions/europe-west3/subnetworks/europe-west3-subnetwork",
            "timeouts": {
              "create": "30m",
              "delete": null,
              "update": "40m"
            },
            "vertical_pod_autoscaling": [],
            "zone": null
          },
          "private": "eyJlMmJmYjczMC1lY2FhLTExZTYtOGY4OC0zNDM2M2JjN2M0YzAiOnsiY3JlYXRlIjoxODAwMDAwMDAwMDAwLCJkZWxldGUiOjI0MDAwMDAwMDAwMDAsInVwZGF0ZSI6MjQwMDAwMDAwMDAwMH0sInNjaGVtYV92ZXJzaW9uIjoiMSJ9"
        }
      ]
    },
    {
      "module": "module.gke-spinnaker",
      "mode": "managed",
      "type": "google_container_cluster",
      "name": "gke",
      "provider": "provider.google",
      "instances": [
        {
          "schema_version": 1,
          "attributes": {
            "additional_zones": [],
            "addons_config": [
              {
                "horizontal_pod_autoscaling": [],
                "http_load_balancing": [],
                "kubernetes_dashboard": [],
                "network_policy_config": [
                  {
                    "disabled": true
                  }
                ]
              }
            ],
            "authenticator_groups_config": [],
            "cluster_autoscaling": [
              {
                "auto_provisioning_defaults": [],
                "enabled": false,
                "resource_limits": []
              }
            ],
            "cluster_ipv4_cidr": "10.24.0.0/14",
            "default_max_pods_per_node": 110,
            "description": "",
            "enable_binary_authorization": null,
            "enable_intranode_visibility": null,
            "enable_kubernetes_alpha": false,
            "enable_legacy_abac": false,
            "enable_tpu": null,
            "endpoint": "35.242.204.186",
            "id": "projects/ansiterra/locations/europe-west3-a/clusters/spinnaker-cluster",
            "initial_node_count": 2,
            "instance_group_urls": [
              "https://www.googleapis.com/compute/v1/projects/ansiterra/zones/europe-west3-a/instanceGroups/gke-spinnaker-cluster-default-pool-b0508206-grp"
            ],
            "ip_allocation_policy": [],
            "location": "europe-west3-a",
            "logging_service": "logging.googleapis.com/kubernetes",
            "maintenance_policy": [],
            "master_auth": [
              {
                "client_certificate": "",
                "client_certificate_config": [
                  {
                    "issue_client_certificate": false
                  }
                ],
                "client_key": "",
                "cluster_ca_certificate": "LS0tLS1CRUdJTiBDRVJUSUZJQ0FURS0tLS0tCk1JSURDekNDQWZPZ0F3SUJBZ0lRSC8xWlpXa0ZOOW81V0xUVkd3K2VPakFOQmdrcWhraUc5dzBCQVFzRkFEQXYKTVMwd0t3WURWUVFERXlSa1pqbGpOREUxWVMwNU16UTRMVFJrWmpRdFltUmpNUzA0WmpJeVpUVTRNekV5T0RZdwpIaGNOTWpBd01USTNNRGMxTlRBNFdoY05NalV3TVRJMU1EZzFOVEE0V2pBdk1TMHdLd1lEVlFRREV5UmtaamxqCk5ERTFZUzA1TXpRNExUUmtaalF0WW1Sak1TMDRaakl5WlRVNE16RXlPRFl3Z2dFaU1BMEdDU3FHU0liM0RRRUIKQVFVQUE0SUJEd0F3Z2dFS0FvSUJBUUN2MlU5WnJtTC9MaDNFcUxWakZCZVVNdnFzdmFSL1V1WXVWekkzYmpNdwp5VDc1WklHV0o1RDhHTVNUN0Q0MmpNR1BRY0c0ZHhhTkNXUzA5T3JIZTNFRC9MUEpFKzBSRjBBbzVxMk1HSFA3CllZQ3pmTGlOYmtZZjB4U3pyS0RhQnhnRTFHVHFiTGxXR1Zkd0lpekNPYkNpTVJIK0RPa1QzMU83Tmk0c0dxTG8KU244RjlBZE1rZXV5MUxlNkNkbFVDYzBUUk1hcUkvVUh0SWtJVkw4NlFCNHVRa0I1SVVPc1pGOE13a2Y3QXppVgprM0ZWWUZudUJLN2lmWUFOR2tMdFUzMmxNRFNUVkhSZWpHZXJublJ1eXRTaUdxR1pxVVo0ZGtUT005M0cwY25yCkxqWjY4TllvbncwM0JXNUR5dHlYc2x3V09SZStWNlMvb3Z1eit6RkMzMStEQWdNQkFBR2pJekFoTUE0R0ExVWQKRHdFQi93UUVBd0lDQkRBUEJnTlZIUk1CQWY4RUJUQURBUUgvTUEwR0NTcUdTSWIzRFFFQkN3VUFBNElCQVFBMgo0Y0RJdXlxYVJkUEd2V005YXZQemtROEFJZ0ROSXVWTExwMG1ZR2QrdzlmZ1ozWVliTkFuNkhOcmw0YTg3dG5IClIxdFZMbzAwbnBSRUtQU0tOelB4VmQzT3lWQmFsdDFHVWNKdGpkaW5YTnoxby9za3JNbnVXSHRQVlFFZ2tuWUQKRzNldHNTdFl3TDBlMWJsdG9EWjAvcm8zdGJjVDQwMVhabTBQTXdaMmYvMldkUElnc0lPWG5zemQ5c3A4UTlDQQpYaDBHUjJxenRwVmErQTgwVm14aUdDMWRIRjZrTk4xTnBEWXVhajN3bkkyS1Z2TmJqVGVNYnM4bWEwcUhGa3RpCnZuNmRPeHAyc1FwdXd2eE51SVA1VmVSYVpQWFZBbFRVVXJDU016K2lJZFNDVFhEekoyWEpQNisrRVBBYldZaUsKemtoVytVU0pldWtBUmFSTE5aQVoKLS0tLS1FTkQgQ0VSVElGSUNBVEUtLS0tLQo=",
                "password": "",
                "username": ""
              }
            ],
            "master_authorized_networks_config": [],
            "master_version": "1.14.10-gke.17",
            "min_master_version": "1.14.10-gke.17",
            "monitoring_service": "monitoring.googleapis.com/kubernetes",
            "name": "spinnaker-cluster",
            "network": "projects/ansiterra/global/networks/mainvpc",
            "network_policy": [
              {
                "enabled": false,
                "provider": "PROVIDER_UNSPECIFIED"
              }
            ],
            "node_config": [
              {
                "disk_size_gb": 100,
                "disk_type": "pd-standard",
                "guest_accelerator": [],
                "image_type": "COS",
                "labels": {
                  "app": "spinnaker"
                },
                "local_ssd_count": 0,
                "machine_type": "n1-standard-2",
                "metadata": {
                  "disable-legacy-endpoints": "true"
                },
                "min_cpu_platform": "",
                "oauth_scopes": [
                  "https://www.googleapis.com/auth/devstorage.read_only",
                  "https://www.googleapis.com/auth/logging.write",
                  "https://www.googleapis.com/auth/monitoring"
                ],
                "preemptible": false,
                "sandbox_config": [],
                "service_account": "default",
                "shielded_instance_config": [
                  {
                    "enable_integrity_monitoring": true,
                    "enable_secure_boot": false
                  }
                ],
                "tags": [
                  "spinnaker",
                  "pipeplines",
                  "prometheus"
                ],
                "taint": [],
                "workload_metadata_config": []
              }
            ],
            "node_locations": [],
            "node_pool": [
              {
                "autoscaling": [],
                "initial_node_count": 2,
                "instance_group_urls": [
                  "https://www.googleapis.com/compute/v1/projects/ansiterra/zones/europe-west3-a/instanceGroupManagers/gke-spinnaker-cluster-default-pool-b0508206-grp"
                ],
                "management": [
                  {
                    "auto_repair": false,
                    "auto_upgrade": true
                  }
                ],
                "max_pods_per_node": 0,
                "name": "default-pool",
                "name_prefix": "",
                "node_config": [
                  {
                    "disk_size_gb": 100,
                    "disk_type": "pd-standard",
                    "guest_accelerator": [],
                    "image_type": "COS",
                    "labels": {
                      "app": "spinnaker"
                    },
                    "local_ssd_count": 0,
                    "machine_type": "n1-standard-2",
                    "metadata": {
                      "disable-legacy-endpoints": "true"
                    },
                    "min_cpu_platform": "",
                    "oauth_scopes": [
                      "https://www.googleapis.com/auth/devstorage.read_only",
                      "https://www.googleapis.com/auth/logging.write",
                      "https://www.googleapis.com/auth/monitoring"
                    ],
                    "preemptible": false,
                    "sandbox_config": [],
                    "service_account": "default",
                    "shielded_instance_config": [
                      {
                        "enable_integrity_monitoring": true,
                        "enable_secure_boot": false
                      }
                    ],
                    "tags": [
                      "spinnaker",
                      "pipeplines",
                      "prometheus"
                    ],
                    "taint": [],
                    "workload_metadata_config": []
                  }
                ],
                "node_count": 2,
                "version": "1.14.10-gke.17"
              }
            ],
            "node_version": "1.14.10-gke.17",
            "operation": null,
            "pod_security_policy_config": null,
            "private_cluster_config": [],
            "project": "ansiterra",
            "region": null,
            "remove_default_node_pool": null,
            "resource_labels": null,
            "services_ipv4_cidr": "10.27.240.0/20",
            "subnetwork": "projects/ansiterra/regions/europe-west3/subnetworks/europe-west3-subnetwork",
            "timeouts": {
              "create": "30m",
              "delete": null,
              "update": "40m"
            },
            "vertical_pod_autoscaling": [],
            "zone": null
          },
          "private": "eyJlMmJmYjczMC1lY2FhLTExZTYtOGY4OC0zNDM2M2JjN2M0YzAiOnsiY3JlYXRlIjoxODAwMDAwMDAwMDAwLCJkZWxldGUiOjI0MDAwMDAwMDAwMDAsInVwZGF0ZSI6MjQwMDAwMDAwMDAwMH0sInNjaGVtYV92ZXJzaW9uIjoiMSJ9"
        }
      ]
    },
    {
      "module": "module.apis.module.project-services",
      "mode": "managed",
      "type": "google_project_service",
      "name": "project_services",
      "each": "map",
      "provider": "provider.google",
      "instances": [
        {
          "index_key": "cloudbilling.googleapis.com",
          "schema_version": 0,
          "attributes": {
            "disable_dependent_services": false,
            "disable_on_destroy": false,
            "id": "ansiterra/cloudbilling.googleapis.com",
            "project": "ansiterra",
            "service": "cloudbilling.googleapis.com",
            "timeouts": null
          },
          "private": "eyJlMmJmYjczMC1lY2FhLTExZTYtOGY4OC0zNDM2M2JjN2M0YzAiOnsiY3JlYXRlIjoxMjAwMDAwMDAwMDAwLCJkZWxldGUiOjEyMDAwMDAwMDAwMDAsInJlYWQiOjYwMDAwMDAwMDAwMCwidXBkYXRlIjoxMjAwMDAwMDAwMDAwfX0="
        },
        {
          "index_key": "cloudbuild.googleapis.com",
          "schema_version": 0,
          "attributes": {
            "disable_dependent_services": false,
            "disable_on_destroy": false,
            "id": "ansiterra/cloudbuild.googleapis.com",
            "project": "ansiterra",
            "service": "cloudbuild.googleapis.com",
            "timeouts": null
          },
          "private": "eyJlMmJmYjczMC1lY2FhLTExZTYtOGY4OC0zNDM2M2JjN2M0YzAiOnsiY3JlYXRlIjoxMjAwMDAwMDAwMDAwLCJkZWxldGUiOjEyMDAwMDAwMDAwMDAsInJlYWQiOjYwMDAwMDAwMDAwMCwidXBkYXRlIjoxMjAwMDAwMDAwMDAwfX0="
        },
        {
          "index_key": "clouddebugger.googleapis.com",
          "schema_version": 0,
          "attributes": {
            "disable_dependent_services": false,
            "disable_on_destroy": false,
            "id": "ansiterra/clouddebugger.googleapis.com",
            "project": "ansiterra",
            "service": "clouddebugger.googleapis.com",
            "timeouts": null
          },
          "private": "eyJlMmJmYjczMC1lY2FhLTExZTYtOGY4OC0zNDM2M2JjN2M0YzAiOnsiY3JlYXRlIjoxMjAwMDAwMDAwMDAwLCJkZWxldGUiOjEyMDAwMDAwMDAwMDAsInJlYWQiOjYwMDAwMDAwMDAwMCwidXBkYXRlIjoxMjAwMDAwMDAwMDAwfX0="
        },
        {
          "index_key": "cloudfunctions.googleapis.com",
          "schema_version": 0,
          "attributes": {
            "disable_dependent_services": false,
            "disable_on_destroy": false,
            "id": "ansiterra/cloudfunctions.googleapis.com",
            "project": "ansiterra",
            "service": "cloudfunctions.googleapis.com",
            "timeouts": null
          },
          "private": "eyJlMmJmYjczMC1lY2FhLTExZTYtOGY4OC0zNDM2M2JjN2M0YzAiOnsiY3JlYXRlIjoxMjAwMDAwMDAwMDAwLCJkZWxldGUiOjEyMDAwMDAwMDAwMDAsInJlYWQiOjYwMDAwMDAwMDAwMCwidXBkYXRlIjoxMjAwMDAwMDAwMDAwfX0="
        },
        {
          "index_key": "cloudidentity.googleapis.com",
          "schema_version": 0,
          "attributes": {
            "disable_dependent_services": false,
            "disable_on_destroy": false,
            "id": "ansiterra/cloudidentity.googleapis.com",
            "project": "ansiterra",
            "service": "cloudidentity.googleapis.com",
            "timeouts": null
          },
          "private": "eyJlMmJmYjczMC1lY2FhLTExZTYtOGY4OC0zNDM2M2JjN2M0YzAiOnsiY3JlYXRlIjoxMjAwMDAwMDAwMDAwLCJkZWxldGUiOjEyMDAwMDAwMDAwMDAsInJlYWQiOjYwMDAwMDAwMDAwMCwidXBkYXRlIjoxMjAwMDAwMDAwMDAwfX0="
        },
        {
          "index_key": "cloudresourcemanager.googleapis.com",
          "schema_version": 0,
          "attributes": {
            "disable_dependent_services": false,
            "disable_on_destroy": false,
            "id": "ansiterra/cloudresourcemanager.googleapis.com",
            "project": "ansiterra",
            "service": "cloudresourcemanager.googleapis.com",
            "timeouts": null
          },
          "private": "eyJlMmJmYjczMC1lY2FhLTExZTYtOGY4OC0zNDM2M2JjN2M0YzAiOnsiY3JlYXRlIjoxMjAwMDAwMDAwMDAwLCJkZWxldGUiOjEyMDAwMDAwMDAwMDAsInJlYWQiOjYwMDAwMDAwMDAwMCwidXBkYXRlIjoxMjAwMDAwMDAwMDAwfX0="
        },
        {
          "index_key": "cloudtrace.googleapis.com",
          "schema_version": 0,
          "attributes": {
            "disable_dependent_services": false,
            "disable_on_destroy": false,
            "id": "ansiterra/cloudtrace.googleapis.com",
            "project": "ansiterra",
            "service": "cloudtrace.googleapis.com",
            "timeouts": null
          },
          "private": "eyJlMmJmYjczMC1lY2FhLTExZTYtOGY4OC0zNDM2M2JjN2M0YzAiOnsiY3JlYXRlIjoxMjAwMDAwMDAwMDAwLCJkZWxldGUiOjEyMDAwMDAwMDAwMDAsInJlYWQiOjYwMDAwMDAwMDAwMCwidXBkYXRlIjoxMjAwMDAwMDAwMDAwfX0="
        },
        {
          "index_key": "compute.googleapis.com",
          "schema_version": 0,
          "attributes": {
            "disable_dependent_services": false,
            "disable_on_destroy": false,
            "id": "ansiterra/compute.googleapis.com",
            "project": "ansiterra",
            "service": "compute.googleapis.com",
            "timeouts": null
          },
          "private": "eyJlMmJmYjczMC1lY2FhLTExZTYtOGY4OC0zNDM2M2JjN2M0YzAiOnsiY3JlYXRlIjoxMjAwMDAwMDAwMDAwLCJkZWxldGUiOjEyMDAwMDAwMDAwMDAsInJlYWQiOjYwMDAwMDAwMDAwMCwidXBkYXRlIjoxMjAwMDAwMDAwMDAwfX0="
        },
        {
          "index_key": "container.googleapis.com",
          "schema_version": 0,
          "attributes": {
            "disable_dependent_services": false,
            "disable_on_destroy": false,
            "id": "ansiterra/container.googleapis.com",
            "project": "ansiterra",
            "service": "container.googleapis.com",
            "timeouts": null
          },
          "private": "eyJlMmJmYjczMC1lY2FhLTExZTYtOGY4OC0zNDM2M2JjN2M0YzAiOnsiY3JlYXRlIjoxMjAwMDAwMDAwMDAwLCJkZWxldGUiOjEyMDAwMDAwMDAwMDAsInJlYWQiOjYwMDAwMDAwMDAwMCwidXBkYXRlIjoxMjAwMDAwMDAwMDAwfX0="
        },
        {
          "index_key": "containerregistry.googleapis.com",
          "schema_version": 0,
          "attributes": {
            "disable_dependent_services": false,
            "disable_on_destroy": false,
            "id": "ansiterra/containerregistry.googleapis.com",
            "project": "ansiterra",
            "service": "containerregistry.googleapis.com",
            "timeouts": null
          },
          "private": "eyJlMmJmYjczMC1lY2FhLTExZTYtOGY4OC0zNDM2M2JjN2M0YzAiOnsiY3JlYXRlIjoxMjAwMDAwMDAwMDAwLCJkZWxldGUiOjEyMDAwMDAwMDAwMDAsInJlYWQiOjYwMDAwMDAwMDAwMCwidXBkYXRlIjoxMjAwMDAwMDAwMDAwfX0="
        },
        {
          "index_key": "dns.googleapis.com",
          "schema_version": 0,
          "attributes": {
            "disable_dependent_services": false,
            "disable_on_destroy": false,
            "id": "ansiterra/dns.googleapis.com",
            "project": "ansiterra",
            "service": "dns.googleapis.com",
            "timeouts": null
          },
          "private": "eyJlMmJmYjczMC1lY2FhLTExZTYtOGY4OC0zNDM2M2JjN2M0YzAiOnsiY3JlYXRlIjoxMjAwMDAwMDAwMDAwLCJkZWxldGUiOjEyMDAwMDAwMDAwMDAsInJlYWQiOjYwMDAwMDAwMDAwMCwidXBkYXRlIjoxMjAwMDAwMDAwMDAwfX0="
        },
        {
          "index_key": "iam.googleapis.com",
          "schema_version": 0,
          "attributes": {
            "disable_dependent_services": false,
            "disable_on_destroy": false,
            "id": "ansiterra/iam.googleapis.com",
            "project": "ansiterra",
            "service": "iam.googleapis.com",
            "timeouts": null
          },
          "private": "eyJlMmJmYjczMC1lY2FhLTExZTYtOGY4OC0zNDM2M2JjN2M0YzAiOnsiY3JlYXRlIjoxMjAwMDAwMDAwMDAwLCJkZWxldGUiOjEyMDAwMDAwMDAwMDAsInJlYWQiOjYwMDAwMDAwMDAwMCwidXBkYXRlIjoxMjAwMDAwMDAwMDAwfX0="
        },
        {
          "index_key": "iamcredentials.googleapis.com",
          "schema_version": 0,
          "attributes": {
            "disable_dependent_services": false,
            "disable_on_destroy": false,
            "id": "ansiterra/iamcredentials.googleapis.com",
            "project": "ansiterra",
            "service": "iamcredentials.googleapis.com",
            "timeouts": null
          },
          "private": "eyJlMmJmYjczMC1lY2FhLTExZTYtOGY4OC0zNDM2M2JjN2M0YzAiOnsiY3JlYXRlIjoxMjAwMDAwMDAwMDAwLCJkZWxldGUiOjEyMDAwMDAwMDAwMDAsInJlYWQiOjYwMDAwMDAwMDAwMCwidXBkYXRlIjoxMjAwMDAwMDAwMDAwfX0="
        },
        {
          "index_key": "iap.googleapis.com",
          "schema_version": 0,
          "attributes": {
            "disable_dependent_services": false,
            "disable_on_destroy": false,
            "id": "ansiterra/iap.googleapis.com",
            "project": "ansiterra",
            "service": "iap.googleapis.com",
            "timeouts": null
          },
          "private": "eyJlMmJmYjczMC1lY2FhLTExZTYtOGY4OC0zNDM2M2JjN2M0YzAiOnsiY3JlYXRlIjoxMjAwMDAwMDAwMDAwLCJkZWxldGUiOjEyMDAwMDAwMDAwMDAsInJlYWQiOjYwMDAwMDAwMDAwMCwidXBkYXRlIjoxMjAwMDAwMDAwMDAwfX0="
        },
        {
          "index_key": "logging.googleapis.com",
          "schema_version": 0,
          "attributes": {
            "disable_dependent_services": false,
            "disable_on_destroy": false,
            "id": "ansiterra/logging.googleapis.com",
            "project": "ansiterra",
            "service": "logging.googleapis.com",
            "timeouts": null
          },
          "private": "eyJlMmJmYjczMC1lY2FhLTExZTYtOGY4OC0zNDM2M2JjN2M0YzAiOnsiY3JlYXRlIjoxMjAwMDAwMDAwMDAwLCJkZWxldGUiOjEyMDAwMDAwMDAwMDAsInJlYWQiOjYwMDAwMDAwMDAwMCwidXBkYXRlIjoxMjAwMDAwMDAwMDAwfX0="
        },
        {
          "index_key": "monitoring.googleapis.com",
          "schema_version": 0,
          "attributes": {
            "disable_dependent_services": false,
            "disable_on_destroy": false,
            "id": "ansiterra/monitoring.googleapis.com",
            "project": "ansiterra",
            "service": "monitoring.googleapis.com",
            "timeouts": null
          },
          "private": "eyJlMmJmYjczMC1lY2FhLTExZTYtOGY4OC0zNDM2M2JjN2M0YzAiOnsiY3JlYXRlIjoxMjAwMDAwMDAwMDAwLCJkZWxldGUiOjEyMDAwMDAwMDAwMDAsInJlYWQiOjYwMDAwMDAwMDAwMCwidXBkYXRlIjoxMjAwMDAwMDAwMDAwfX0="
        },
        {
          "index_key": "replicapool.googleapis.com",
          "schema_version": 0,
          "attributes": {
            "disable_dependent_services": false,
            "disable_on_destroy": false,
            "id": "ansiterra/replicapool.googleapis.com",
            "project": "ansiterra",
            "service": "replicapool.googleapis.com",
            "timeouts": null
          },
          "private": "eyJlMmJmYjczMC1lY2FhLTExZTYtOGY4OC0zNDM2M2JjN2M0YzAiOnsiY3JlYXRlIjoxMjAwMDAwMDAwMDAwLCJkZWxldGUiOjEyMDAwMDAwMDAwMDAsInJlYWQiOjYwMDAwMDAwMDAwMCwidXBkYXRlIjoxMjAwMDAwMDAwMDAwfX0="
        },
        {
          "index_key": "replicapoolupdater.googleapis.com",
          "schema_version": 0,
          "attributes": {
            "disable_dependent_services": false,
            "disable_on_destroy": false,
            "id": "ansiterra/replicapoolupdater.googleapis.com",
            "project": "ansiterra",
            "service": "replicapoolupdater.googleapis.com",
            "timeouts": null
          },
          "private": "eyJlMmJmYjczMC1lY2FhLTExZTYtOGY4OC0zNDM2M2JjN2M0YzAiOnsiY3JlYXRlIjoxMjAwMDAwMDAwMDAwLCJkZWxldGUiOjEyMDAwMDAwMDAwMDAsInJlYWQiOjYwMDAwMDAwMDAwMCwidXBkYXRlIjoxMjAwMDAwMDAwMDAwfX0="
        },
        {
          "index_key": "resourceviews.googleapis.com",
          "schema_version": 0,
          "attributes": {
            "disable_dependent_services": false,
            "disable_on_destroy": false,
            "id": "ansiterra/resourceviews.googleapis.com",
            "project": "ansiterra",
            "service": "resourceviews.googleapis.com",
            "timeouts": null
          },
          "private": "eyJlMmJmYjczMC1lY2FhLTExZTYtOGY4OC0zNDM2M2JjN2M0YzAiOnsiY3JlYXRlIjoxMjAwMDAwMDAwMDAwLCJkZWxldGUiOjEyMDAwMDAwMDAwMDAsInJlYWQiOjYwMDAwMDAwMDAwMCwidXBkYXRlIjoxMjAwMDAwMDAwMDAwfX0="
        },
        {
          "index_key": "servicemanagement.googleapis.com",
          "schema_version": 0,
          "attributes": {
            "disable_dependent_services": false,
            "disable_on_destroy": false,
            "id": "ansiterra/servicemanagement.googleapis.com",
            "project": "ansiterra",
            "service": "servicemanagement.googleapis.com",
            "timeouts": null
          },
          "private": "eyJlMmJmYjczMC1lY2FhLTExZTYtOGY4OC0zNDM2M2JjN2M0YzAiOnsiY3JlYXRlIjoxMjAwMDAwMDAwMDAwLCJkZWxldGUiOjEyMDAwMDAwMDAwMDAsInJlYWQiOjYwMDAwMDAwMDAwMCwidXBkYXRlIjoxMjAwMDAwMDAwMDAwfX0="
        },
        {
          "index_key": "servicenetworking.googleapis.com",
          "schema_version": 0,
          "attributes": {
            "disable_dependent_services": false,
            "disable_on_destroy": false,
            "id": "ansiterra/servicenetworking.googleapis.com",
            "project": "ansiterra",
            "service": "servicenetworking.googleapis.com",
            "timeouts": null
          },
          "private": "eyJlMmJmYjczMC1lY2FhLTExZTYtOGY4OC0zNDM2M2JjN2M0YzAiOnsiY3JlYXRlIjoxMjAwMDAwMDAwMDAwLCJkZWxldGUiOjEyMDAwMDAwMDAwMDAsInJlYWQiOjYwMDAwMDAwMDAwMCwidXBkYXRlIjoxMjAwMDAwMDAwMDAwfX0="
        },
        {
          "index_key": "serviceusage.googleapis.com",
          "schema_version": 0,
          "attributes": {
            "disable_dependent_services": false,
            "disable_on_destroy": false,
            "id": "ansiterra/serviceusage.googleapis.com",
            "project": "ansiterra",
            "service": "serviceusage.googleapis.com",
            "timeouts": null
          },
          "private": "eyJlMmJmYjczMC1lY2FhLTExZTYtOGY4OC0zNDM2M2JjN2M0YzAiOnsiY3JlYXRlIjoxMjAwMDAwMDAwMDAwLCJkZWxldGUiOjEyMDAwMDAwMDAwMDAsInJlYWQiOjYwMDAwMDAwMDAwMCwidXBkYXRlIjoxMjAwMDAwMDAwMDAwfX0="
        },
        {
          "index_key": "sql-component.googleapis.com",
          "schema_version": 0,
          "attributes": {
            "disable_dependent_services": false,
            "disable_on_destroy": false,
            "id": "ansiterra/sql-component.googleapis.com",
            "project": "ansiterra",
            "service": "sql-component.googleapis.com",
            "timeouts": null
          },
          "private": "eyJlMmJmYjczMC1lY2FhLTExZTYtOGY4OC0zNDM2M2JjN2M0YzAiOnsiY3JlYXRlIjoxMjAwMDAwMDAwMDAwLCJkZWxldGUiOjEyMDAwMDAwMDAwMDAsInJlYWQiOjYwMDAwMDAwMDAwMCwidXBkYXRlIjoxMjAwMDAwMDAwMDAwfX0="
        },
        {
          "index_key": "sqladmin.googleapis.com",
          "schema_version": 0,
          "attributes": {
            "disable_dependent_services": false,
            "disable_on_destroy": false,
            "id": "ansiterra/sqladmin.googleapis.com",
            "project": "ansiterra",
            "service": "sqladmin.googleapis.com",
            "timeouts": null
          },
          "private": "eyJlMmJmYjczMC1lY2FhLTExZTYtOGY4OC0zNDM2M2JjN2M0YzAiOnsiY3JlYXRlIjoxMjAwMDAwMDAwMDAwLCJkZWxldGUiOjEyMDAwMDAwMDAwMDAsInJlYWQiOjYwMDAwMDAwMDAwMCwidXBkYXRlIjoxMjAwMDAwMDAwMDAwfX0="
        },
        {
          "index_key": "storage-api.googleapis.com",
          "schema_version": 0,
          "attributes": {
            "disable_dependent_services": false,
            "disable_on_destroy": false,
            "id": "ansiterra/storage-api.googleapis.com",
            "project": "ansiterra",
            "service": "storage-api.googleapis.com",
            "timeouts": null
          },
          "private": "eyJlMmJmYjczMC1lY2FhLTExZTYtOGY4OC0zNDM2M2JjN2M0YzAiOnsiY3JlYXRlIjoxMjAwMDAwMDAwMDAwLCJkZWxldGUiOjEyMDAwMDAwMDAwMDAsInJlYWQiOjYwMDAwMDAwMDAwMCwidXBkYXRlIjoxMjAwMDAwMDAwMDAwfX0="
        },
        {
          "index_key": "storage-component.googleapis.com",
          "schema_version": 0,
          "attributes": {
            "disable_dependent_services": false,
            "disable_on_destroy": false,
            "id": "ansiterra/storage-component.googleapis.com",
            "project": "ansiterra",
            "service": "storage-component.googleapis.com",
            "timeouts": null
          },
          "private": "eyJlMmJmYjczMC1lY2FhLTExZTYtOGY4OC0zNDM2M2JjN2M0YzAiOnsiY3JlYXRlIjoxMjAwMDAwMDAwMDAwLCJkZWxldGUiOjEyMDAwMDAwMDAwMDAsInJlYWQiOjYwMDAwMDAwMDAwMCwidXBkYXRlIjoxMjAwMDAwMDAwMDAwfX0="
        }
      ]
    },
    {
      "module": "module.gcs",
      "mode": "managed",
      "type": "google_storage_bucket",
      "name": "gcs_buckets",
      "each": "list",
      "provider": "provider.google",
      "instances": [
        {
          "index_key": 0,
          "schema_version": 0,
          "attributes": {
            "bucket_policy_only": false,
            "cors": [],
            "encryption": [],
            "force_destroy": false,
            "id": "ansiterra-spinnaker",
            "labels": {},
            "lifecycle_rule": [],
            "location": "EU",
            "logging": [],
            "name": "ansiterra-spinnaker",
            "project": "ansiterra",
            "requester_pays": false,
            "retention_policy": [],
            "self_link": "https://www.googleapis.com/storage/v1/b/ansiterra-spinnaker",
            "storage_class": "STANDARD",
            "url": "gs://ansiterra-spinnaker",
            "versioning": [
              {
                "enabled": true
              }
            ],
            "website": []
          },
          "private": "bnVsbA=="
        }
      ]
    }
  ]
}
